
Microsoft Visual Studio Solution File, Format Version 12.00
# Visual Studio Version 17
VisualStudioVersion = 17.9.34714.143
MinimumVisualStudioVersion = 10.0.40219.1
Project("{9A19103F-16F7-4668-BE54-9A1E7A4F7556}") = "Primera_clase", "Primera_clase\Primera_clase.csproj", "{E2166F34-D32B-460E-9051-5285F86E251B}"
EndProject
Project("{9A19103F-16F7-4668-BE54-9A1E7A4F7556}") = "Segunda_clase", "Segunda_clase\Segunda_clase.csproj", "{F25D9502-C4CB-4D97-8D11-28B7194D0099}"
EndProject
Project("{FAE04EC0-301F-11D3-BF4B-00C04F79EFBC}") = "Ejercicios_listos", "Ejercicios_listos\Ejercicios_listos.csproj", "{768FD35C-777C-4F05-B32E-215B04E13751}"
EndProject
Global
	GlobalSection(SolutionConfigurationPlatforms) = preSolution
		Debug|Any CPU = Debug|Any CPU
		Release|Any CPU = Release|Any CPU
	EndGlobalSection
	GlobalSection(ProjectConfigurationPlatforms) = postSolution
		{E2166F34-D32B-460E-9051-5285F86E251B}.Debug|Any CPU.ActiveCfg = Debug|Any CPU
		{E2166F34-D32B-460E-9051-5285F86E251B}.Debug|Any CPU.Build.0 = Debug|Any CPU
		{E2166F34-D32B-460E-9051-5285F86E251B}.Release|Any CPU.ActiveCfg = Release|Any CPU
		{E2166F34-D32B-460E-9051-5285F86E251B}.Release|Any CPU.Build.0 = Release|Any CPU
		{F25D9502-C4CB-4D97-8D11-28B7194D0099}.Debug|Any CPU.ActiveCfg = Debug|Any CPU
		{F25D9502-C4CB-4D97-8D11-28B7194D0099}.Debug|Any CPU.Build.0 = Debug|Any CPU
		{F25D9502-C4CB-4D97-8D11-28B7194D0099}.Release|Any CPU.ActiveCfg = Release|Any CPU
		{F25D9502-C4CB-4D97-8D11-28B7194D0099}.Release|Any CPU.Build.0 = Release|Any CPU
		{768FD35C-777C-4F05-B32E-215B04E13751}.Debug|Any CPU.ActiveCfg = Debug|Any CPU
		{768FD35C-777C-4F05-B32E-215B04E13751}.Debug|Any CPU.Build.0 = Debug|Any CPU
		{768FD35C-777C-4F05-B32E-215B04E13751}.Release|Any CPU.ActiveCfg = Release|Any CPU
		{768FD35C-777C-4F05-B32E-215B04E13751}.Release|Any CPU.Build.0 = Release|Any CPU
	EndGlobalSection
	GlobalSection(SolutionProperties) = preSolution
		HideSolutionNode = FALSE
	EndGlobalSection
	GlobalSection(ExtensibilityGlobals) = postSolution
		SolutionGuid = {116A2C46-8868-4BD3-A37C-A5B266F7DE00}
	EndGlobalSection
EndGlobal
